
Microsoft Visual Studio Solution File, Format Version 12.00
# Visual Studio Version 17
VisualStudioVersion = 17.11.35327.3
MinimumVisualStudioVersion = 10.0.40219.1
Project("{9A19103F-16F7-4668-BE54-9A1E7A4F7556}") = "InventoryScanner.Core", "InventoryScanner.Core\InventoryScanner.Core.csproj", "{92FC98B5-F61B-4B91-9D4A-571D50BDFD3D}"
EndProject
Project("{9A19103F-16F7-4668-BE54-9A1E7A4F7556}") = "InventoryScanner.Core.UnitTests", "InventoryScanner.Core.UnitTests\InventoryScanner.Core.UnitTests.csproj", "{C647C812-B0D6-421F-8707-0F9A6E7F549A}"
EndProject
Project("{9A19103F-16F7-4668-BE54-9A1E7A4F7556}") = "InventoryScanner.Core.ApiTests", "InventoryScanner.Core.ApiTests\InventoryScanner.Core.ApiTests.csproj", "{83F8D14C-88CD-4046-8375-DD963F815601}"
EndProject
Project("{9A19103F-16F7-4668-BE54-9A1E7A4F7556}") = "InventoryScanner.Core.IntegrationTests", "InventoryScanner.Core.IntegrationTests\InventoryScanner.Core.IntegrationTests.csproj", "{34560238-E4ED-4D31-B18B-604A37E6B553}"
EndProject
Project("{E53339B2-1760-4266-BCC7-CA923CBCF16C}") = "docker-compose", "docker-compose.dcproj", "{1E9897DB-3618-43F3-8B9E-5C26FBC28B5D}"
EndProject
Project("{2150E333-8FDC-42A3-9474-1A3956D46DE8}") = "Solution Items", "Solution Items", "{BDBECF0D-527F-4E46-9DA7-DC0FA11027D9}"
	ProjectSection(SolutionItems) = preProject
		postgres-init\create_tables.sql = postgres-init\create_tables.sql
		Dockerfile = Dockerfile
		loki\local-config.yaml = loki\local-config.yaml
		promtail\promtail.yaml = promtail\promtail.yaml
	EndProjectSection
EndProject
Project("{9A19103F-16F7-4668-BE54-9A1E7A4F7556}") = "InventoryScanner.Messaging", "InventoryScanner.Messaging\InventoryScanner.Messaging.csproj", "{8F20C95C-B3C9-4754-A93B-37017D7F0C53}"
EndProject
Project("{9A19103F-16F7-4668-BE54-9A1E7A4F7556}") = "InventoryScanner.Messaging.IntegrationTests", "InventoryScanner.Messaging.IntegrationTests\InventoryScanner.Messaging.IntegrationTests.csproj", "{B0FEE55D-92DE-4243-B92B-311F76BC5348}"
EndProject
Project("{9A19103F-16F7-4668-BE54-9A1E7A4F7556}") = "InventoryScanner.TestUtilities", "InventoryScanner.TestUtilities\InventoryScanner.TestUtilities.csproj", "{F792F779-2166-40B1-944F-CA0843660C1D}"
EndProject
Project("{FAE04EC0-301F-11D3-BF4B-00C04F79EFBC}") = "InventoryScanner.Client", "InventoryScanner.Client\InventoryScanner.Client.csproj", "{54EE6412-1A2E-4567-A7EF-9A6EEF9EC981}"
EndProject
Global
	GlobalSection(SolutionConfigurationPlatforms) = preSolution
		Debug|Any CPU = Debug|Any CPU
		Release|Any CPU = Release|Any CPU
	EndGlobalSection
	GlobalSection(ProjectConfigurationPlatforms) = postSolution
		{92FC98B5-F61B-4B91-9D4A-571D50BDFD3D}.Debug|Any CPU.ActiveCfg = Debug|Any CPU
		{92FC98B5-F61B-4B91-9D4A-571D50BDFD3D}.Debug|Any CPU.Build.0 = Debug|Any CPU
		{92FC98B5-F61B-4B91-9D4A-571D50BDFD3D}.Release|Any CPU.ActiveCfg = Release|Any CPU
		{92FC98B5-F61B-4B91-9D4A-571D50BDFD3D}.Release|Any CPU.Build.0 = Release|Any CPU
		{C647C812-B0D6-421F-8707-0F9A6E7F549A}.Debug|Any CPU.ActiveCfg = Debug|Any CPU
		{C647C812-B0D6-421F-8707-0F9A6E7F549A}.Debug|Any CPU.Build.0 = Debug|Any CPU
		{C647C812-B0D6-421F-8707-0F9A6E7F549A}.Release|Any CPU.ActiveCfg = Release|Any CPU
		{C647C812-B0D6-421F-8707-0F9A6E7F549A}.Release|Any CPU.Build.0 = Release|Any CPU
		{83F8D14C-88CD-4046-8375-DD963F815601}.Debug|Any CPU.ActiveCfg = Debug|Any CPU
		{83F8D14C-88CD-4046-8375-DD963F815601}.Debug|Any CPU.Build.0 = Debug|Any CPU
		{83F8D14C-88CD-4046-8375-DD963F815601}.Release|Any CPU.ActiveCfg = Release|Any CPU
		{83F8D14C-88CD-4046-8375-DD963F815601}.Release|Any CPU.Build.0 = Release|Any CPU
		{34560238-E4ED-4D31-B18B-604A37E6B553}.Debug|Any CPU.ActiveCfg = Debug|Any CPU
		{34560238-E4ED-4D31-B18B-604A37E6B553}.Debug|Any CPU.Build.0 = Debug|Any CPU
		{34560238-E4ED-4D31-B18B-604A37E6B553}.Release|Any CPU.ActiveCfg = Release|Any CPU
		{34560238-E4ED-4D31-B18B-604A37E6B553}.Release|Any CPU.Build.0 = Release|Any CPU
		{1E9897DB-3618-43F3-8B9E-5C26FBC28B5D}.Debug|Any CPU.ActiveCfg = Debug|Any CPU
		{1E9897DB-3618-43F3-8B9E-5C26FBC28B5D}.Debug|Any CPU.Build.0 = Debug|Any CPU
		{1E9897DB-3618-43F3-8B9E-5C26FBC28B5D}.Release|Any CPU.ActiveCfg = Release|Any CPU
		{1E9897DB-3618-43F3-8B9E-5C26FBC28B5D}.Release|Any CPU.Build.0 = Release|Any CPU
		{8F20C95C-B3C9-4754-A93B-37017D7F0C53}.Debug|Any CPU.ActiveCfg = Debug|Any CPU
		{8F20C95C-B3C9-4754-A93B-37017D7F0C53}.Debug|Any CPU.Build.0 = Debug|Any CPU
		{8F20C95C-B3C9-4754-A93B-37017D7F0C53}.Release|Any CPU.ActiveCfg = Release|Any CPU
		{8F20C95C-B3C9-4754-A93B-37017D7F0C53}.Release|Any CPU.Build.0 = Release|Any CPU
		{B0FEE55D-92DE-4243-B92B-311F76BC5348}.Debug|Any CPU.ActiveCfg = Debug|Any CPU
		{B0FEE55D-92DE-4243-B92B-311F76BC5348}.Debug|Any CPU.Build.0 = Debug|Any CPU
		{B0FEE55D-92DE-4243-B92B-311F76BC5348}.Release|Any CPU.ActiveCfg = Release|Any CPU
		{B0FEE55D-92DE-4243-B92B-311F76BC5348}.Release|Any CPU.Build.0 = Release|Any CPU
		{F792F779-2166-40B1-944F-CA0843660C1D}.Debug|Any CPU.ActiveCfg = Debug|Any CPU
		{F792F779-2166-40B1-944F-CA0843660C1D}.Debug|Any CPU.Build.0 = Debug|Any CPU
		{F792F779-2166-40B1-944F-CA0843660C1D}.Release|Any CPU.ActiveCfg = Release|Any CPU
		{F792F779-2166-40B1-944F-CA0843660C1D}.Release|Any CPU.Build.0 = Release|Any CPU
		{54EE6412-1A2E-4567-A7EF-9A6EEF9EC981}.Debug|Any CPU.ActiveCfg = Debug|Any CPU
		{54EE6412-1A2E-4567-A7EF-9A6EEF9EC981}.Debug|Any CPU.Build.0 = Debug|Any CPU
		{54EE6412-1A2E-4567-A7EF-9A6EEF9EC981}.Release|Any CPU.ActiveCfg = Release|Any CPU
		{54EE6412-1A2E-4567-A7EF-9A6EEF9EC981}.Release|Any CPU.Build.0 = Release|Any CPU
	EndGlobalSection
	GlobalSection(SolutionProperties) = preSolution
		HideSolutionNode = FALSE
	EndGlobalSection
	GlobalSection(ExtensibilityGlobals) = postSolution
		SolutionGuid = {5E437100-EF6B-4327-869A-2A1CF8331331}
	EndGlobalSection
EndGlobal
